
Microsoft Visual Studio Solution File, Format Version 12.00
# Visual Studio Version 17
VisualStudioVersion = 17.14.36429.23 d17.14
MinimumVisualStudioVersion = 10.0.40219.1
Project("{FAE04EC0-301F-11D3-BF4B-00C04F79EFBC}") = "S2HD", "S2HD\S2HD.csproj", "{46CAA391-5BB2-4AC3-A1F5-815DA39C31EB}"
EndProject
Global
	GlobalSection(SolutionConfigurationPlatforms) = preSolution
		Debug|Any CPU = Debug|Any CPU
		Release|Any CPU = Release|Any CPU
	EndGlobalSection
	GlobalSection(ProjectConfigurationPlatforms) = postSolution
		{46CAA391-5BB2-4AC3-A1F5-815DA39C31EB}.Debug|Any CPU.ActiveCfg = Debug|Any CPU
		{46CAA391-5BB2-4AC3-A1F5-815DA39C31EB}.Debug|Any CPU.Build.0 = Debug|Any CPU
		{46CAA391-5BB2-4AC3-A1F5-815DA39C31EB}.Release|Any CPU.ActiveCfg = Release|Any CPU
		{46CAA391-5BB2-4AC3-A1F5-815DA39C31EB}.Release|Any CPU.Build.0 = Release|Any CPU
	EndGlobalSection
	GlobalSection(SolutionProperties) = preSolution
		HideSolutionNode = FALSE
	EndGlobalSection
	GlobalSection(ExtensibilityGlobals) = postSolution
		SolutionGuid = {741823A9-2F13-4D71-8D9C-3D158DADFDA8}
	EndGlobalSection
EndGlobal
